
Microsoft Visual Studio Solution File, Format Version 12.00
# Visual Studio Version 17
VisualStudioVersion = 17.1.32407.343
MinimumVisualStudioVersion = 10.0.40219.1
Project("{8BC9CEB8-8B4A-11D0-8D11-00A0C91BC942}") = "Balanced_Binary_Tree", "Balanced_Binary_Tree\Balanced_Binary_Tree.vcxproj", "{FF02B202-7DC6-4189-BBF2-BEFB4C1043CA}"
EndProject
Global
	GlobalSection(SolutionConfigurationPlatforms) = preSolution
		Debug|x64 = Debug|x64
		Debug|x86 = Debug|x86
		Release|x64 = Release|x64
		Release|x86 = Release|x86
	EndGlobalSection
	GlobalSection(ProjectConfigurationPlatforms) = postSolution
		{FF02B202-7DC6-4189-BBF2-BEFB4C1043CA}.Debug|x64.ActiveCfg = Debug|x64
		{FF02B202-7DC6-4189-BBF2-BEFB4C1043CA}.Debug|x64.Build.0 = Debug|x64
		{FF02B202-7DC6-4189-BBF2-BEFB4C1043CA}.Debug|x86.ActiveCfg = Debug|Win32
		{FF02B202-7DC6-4189-BBF2-BEFB4C1043CA}.Debug|x86.Build.0 = Debug|Win32
		{FF02B202-7DC6-4189-BBF2-BEFB4C1043CA}.Release|x64.ActiveCfg = Release|x64
		{FF02B202-7DC6-4189-BBF2-BEFB4C1043CA}.Release|x64.Build.0 = Release|x64
		{FF02B202-7DC6-4189-BBF2-BEFB4C1043CA}.Release|x86.ActiveCfg = Release|Win32
		{FF02B202-7DC6-4189-BBF2-BEFB4C1043CA}.Release|x86.Build.0 = Release|Win32
	EndGlobalSection
	GlobalSection(SolutionProperties) = preSolution
		HideSolutionNode = FALSE
	EndGlobalSection
	GlobalSection(ExtensibilityGlobals) = postSolution
		SolutionGuid = {FFF98066-B39A-4A00-B593-29148BE87E8B}
	EndGlobalSection
EndGlobal
