
Microsoft Visual Studio Solution File, Format Version 12.00
# Visual Studio Version 16
VisualStudioVersion = 16.0.31911.196
MinimumVisualStudioVersion = 10.0.40219.1
Project("{8BC9CEB8-8B4A-11D0-8D11-00A0C91BC942}") = "Search_Tree", "Search_Tree\Search_Tree.vcxproj", "{D8006A51-50FA-41BE-84EC-225A9805D2F3}"
EndProject
Global
	GlobalSection(SolutionConfigurationPlatforms) = preSolution
		Debug|x64 = Debug|x64
		Debug|x86 = Debug|x86
		Release|x64 = Release|x64
		Release|x86 = Release|x86
	EndGlobalSection
	GlobalSection(ProjectConfigurationPlatforms) = postSolution
		{D8006A51-50FA-41BE-84EC-225A9805D2F3}.Debug|x64.ActiveCfg = Debug|x64
		{D8006A51-50FA-41BE-84EC-225A9805D2F3}.Debug|x64.Build.0 = Debug|x64
		{D8006A51-50FA-41BE-84EC-225A9805D2F3}.Debug|x86.ActiveCfg = Debug|Win32
		{D8006A51-50FA-41BE-84EC-225A9805D2F3}.Debug|x86.Build.0 = Debug|Win32
		{D8006A51-50FA-41BE-84EC-225A9805D2F3}.Release|x64.ActiveCfg = Release|x64
		{D8006A51-50FA-41BE-84EC-225A9805D2F3}.Release|x64.Build.0 = Release|x64
		{D8006A51-50FA-41BE-84EC-225A9805D2F3}.Release|x86.ActiveCfg = Release|Win32
		{D8006A51-50FA-41BE-84EC-225A9805D2F3}.Release|x86.Build.0 = Release|Win32
	EndGlobalSection
	GlobalSection(SolutionProperties) = preSolution
		HideSolutionNode = FALSE
	EndGlobalSection
	GlobalSection(ExtensibilityGlobals) = postSolution
		SolutionGuid = {BB05625C-AE70-4444-ABA5-EB21DE898F85}
	EndGlobalSection
EndGlobal
